
Microsoft Visual Studio Solution File, Format Version 12.00
# Visual Studio 15
VisualStudioVersion = 15.0.28307.705
MinimumVisualStudioVersion = 10.0.40219.1
Project("{2150E333-8FDC-42A3-9474-1A3956D46DE8}") = "Catalog", "Catalog", "{82F27405-EF48-4E94-8402-451D40F6FE9A}"
EndProject
Project("{9A19103F-16F7-4668-BE54-9A1E7A4F7556}") = "DAL", "DAL\DAL.csproj", "{7299F8A4-8701-48DB-9E78-E64CC2958AAB}"
EndProject
Project("{9A19103F-16F7-4668-BE54-9A1E7A4F7556}") = "DAL.Tests", "DAL.Tests\DAL.Tests.csproj", "{268C49A4-1A62-4881-BA4C-679F49EFB4FB}"
EndProject
Project("{FAE04EC0-301F-11D3-BF4B-00C04F79EFBC}") = "BBL", "BBL\BBL.csproj", "{C0EDB14D-1D58-4440-A9B6-A6C11492C378}"
EndProject
Global
	GlobalSection(SolutionConfigurationPlatforms) = preSolution
		Debug|Any CPU = Debug|Any CPU
		Release|Any CPU = Release|Any CPU
	EndGlobalSection
	GlobalSection(ProjectConfigurationPlatforms) = postSolution
		{7299F8A4-8701-48DB-9E78-E64CC2958AAB}.Debug|Any CPU.ActiveCfg = Debug|Any CPU
		{7299F8A4-8701-48DB-9E78-E64CC2958AAB}.Debug|Any CPU.Build.0 = Debug|Any CPU
		{7299F8A4-8701-48DB-9E78-E64CC2958AAB}.Release|Any CPU.ActiveCfg = Release|Any CPU
		{7299F8A4-8701-48DB-9E78-E64CC2958AAB}.Release|Any CPU.Build.0 = Release|Any CPU
		{268C49A4-1A62-4881-BA4C-679F49EFB4FB}.Debug|Any CPU.ActiveCfg = Debug|Any CPU
		{268C49A4-1A62-4881-BA4C-679F49EFB4FB}.Debug|Any CPU.Build.0 = Debug|Any CPU
		{268C49A4-1A62-4881-BA4C-679F49EFB4FB}.Release|Any CPU.ActiveCfg = Release|Any CPU
		{268C49A4-1A62-4881-BA4C-679F49EFB4FB}.Release|Any CPU.Build.0 = Release|Any CPU
		{C0EDB14D-1D58-4440-A9B6-A6C11492C378}.Debug|Any CPU.ActiveCfg = Debug|Any CPU
		{C0EDB14D-1D58-4440-A9B6-A6C11492C378}.Debug|Any CPU.Build.0 = Debug|Any CPU
		{C0EDB14D-1D58-4440-A9B6-A6C11492C378}.Release|Any CPU.ActiveCfg = Release|Any CPU
		{C0EDB14D-1D58-4440-A9B6-A6C11492C378}.Release|Any CPU.Build.0 = Release|Any CPU
	EndGlobalSection
	GlobalSection(SolutionProperties) = preSolution
		HideSolutionNode = FALSE
	EndGlobalSection
	GlobalSection(NestedProjects) = preSolution
		{7299F8A4-8701-48DB-9E78-E64CC2958AAB} = {82F27405-EF48-4E94-8402-451D40F6FE9A}
		{268C49A4-1A62-4881-BA4C-679F49EFB4FB} = {82F27405-EF48-4E94-8402-451D40F6FE9A}
		{C0EDB14D-1D58-4440-A9B6-A6C11492C378} = {82F27405-EF48-4E94-8402-451D40F6FE9A}
	EndGlobalSection
	GlobalSection(ExtensibilityGlobals) = postSolution
		SolutionGuid = {4D0CD29E-B6FC-412B-9FAE-38EFC1DB6CD2}
	EndGlobalSection
EndGlobal
